
Microsoft Visual Studio Solution File, Format Version 12.00
# Visual Studio 15
VisualStudioVersion = 15.0.26430.15
MinimumVisualStudioVersion = 10.0.40219.1
Project("{2150E333-8FDC-42A3-9474-1A3956D46DE8}") = "Processor", "Processor", "{BDC39089-9CAB-42C5-B281-3321DB13D7D1}"
EndProject
Project("{2150E333-8FDC-42A3-9474-1A3956D46DE8}") = "Function", "Function", "{CBF8A56B-8A28-4804-AEB8-F7A650A63BAE}"
EndProject
Project("{FAE04EC0-301F-11D3-BF4B-00C04F79EFBC}") = "DefaultModule", "DefaultModule\DefaultModule.csproj", "{A32CBC27-DF84-40AE-81A7-06D08F6D7FCB}"
EndProject
Project("{FAE04EC0-301F-11D3-BF4B-00C04F79EFBC}") = "DefaultFunc", "DefaultFunc\DefaultFunc.csproj", "{7B680BBE-FEB9-444B-819A-0BD9D8A7B0E8}"
EndProject
Project("{FAE04EC0-301F-11D3-BF4B-00C04F79EFBC}") = "MQTTSubscriber", "MQTTSubscriber\MQTTSubscriber.csproj", "{C25B4DA6-F9C4-412D-852A-536A240476A8}"
EndProject
Project("{FAE04EC0-301F-11D3-BF4B-00C04F79EFBC}") = "MySQL", "MySQL\MySQL.csproj", "{634A461A-3D40-4B0D-A829-5AA1B55036BC}"
EndProject
Global
	GlobalSection(SolutionConfigurationPlatforms) = preSolution
		Debug|Any CPU = Debug|Any CPU
		Debug|x64 = Debug|x64
		Release|Any CPU = Release|Any CPU
		Release|x64 = Release|x64
	EndGlobalSection
	GlobalSection(ProjectConfigurationPlatforms) = postSolution
		{A32CBC27-DF84-40AE-81A7-06D08F6D7FCB}.Debug|Any CPU.ActiveCfg = Debug|Any CPU
		{A32CBC27-DF84-40AE-81A7-06D08F6D7FCB}.Debug|Any CPU.Build.0 = Debug|Any CPU
		{A32CBC27-DF84-40AE-81A7-06D08F6D7FCB}.Debug|x64.ActiveCfg = Debug|x64
		{A32CBC27-DF84-40AE-81A7-06D08F6D7FCB}.Debug|x64.Build.0 = Debug|x64
		{A32CBC27-DF84-40AE-81A7-06D08F6D7FCB}.Release|Any CPU.ActiveCfg = Release|Any CPU
		{A32CBC27-DF84-40AE-81A7-06D08F6D7FCB}.Release|Any CPU.Build.0 = Release|Any CPU
		{A32CBC27-DF84-40AE-81A7-06D08F6D7FCB}.Release|x64.ActiveCfg = Release|x64
		{A32CBC27-DF84-40AE-81A7-06D08F6D7FCB}.Release|x64.Build.0 = Release|x64
		{7B680BBE-FEB9-444B-819A-0BD9D8A7B0E8}.Debug|Any CPU.ActiveCfg = Debug|Any CPU
		{7B680BBE-FEB9-444B-819A-0BD9D8A7B0E8}.Debug|Any CPU.Build.0 = Debug|Any CPU
		{7B680BBE-FEB9-444B-819A-0BD9D8A7B0E8}.Debug|x64.ActiveCfg = Debug|x64
		{7B680BBE-FEB9-444B-819A-0BD9D8A7B0E8}.Debug|x64.Build.0 = Debug|x64
		{7B680BBE-FEB9-444B-819A-0BD9D8A7B0E8}.Release|Any CPU.ActiveCfg = Release|Any CPU
		{7B680BBE-FEB9-444B-819A-0BD9D8A7B0E8}.Release|Any CPU.Build.0 = Release|Any CPU
		{7B680BBE-FEB9-444B-819A-0BD9D8A7B0E8}.Release|x64.ActiveCfg = Release|x64
		{7B680BBE-FEB9-444B-819A-0BD9D8A7B0E8}.Release|x64.Build.0 = Release|x64
		{C25B4DA6-F9C4-412D-852A-536A240476A8}.Debug|Any CPU.ActiveCfg = Debug|Any CPU
		{C25B4DA6-F9C4-412D-852A-536A240476A8}.Debug|Any CPU.Build.0 = Debug|Any CPU
		{C25B4DA6-F9C4-412D-852A-536A240476A8}.Debug|x64.ActiveCfg = Debug|x64
		{C25B4DA6-F9C4-412D-852A-536A240476A8}.Debug|x64.Build.0 = Debug|x64
		{C25B4DA6-F9C4-412D-852A-536A240476A8}.Release|Any CPU.ActiveCfg = Release|Any CPU
		{C25B4DA6-F9C4-412D-852A-536A240476A8}.Release|Any CPU.Build.0 = Release|Any CPU
		{C25B4DA6-F9C4-412D-852A-536A240476A8}.Release|x64.ActiveCfg = Release|x64
		{C25B4DA6-F9C4-412D-852A-536A240476A8}.Release|x64.Build.0 = Release|x64
		{634A461A-3D40-4B0D-A829-5AA1B55036BC}.Debug|Any CPU.ActiveCfg = Debug|Any CPU
		{634A461A-3D40-4B0D-A829-5AA1B55036BC}.Debug|Any CPU.Build.0 = Debug|Any CPU
		{634A461A-3D40-4B0D-A829-5AA1B55036BC}.Debug|x64.ActiveCfg = Debug|x64
		{634A461A-3D40-4B0D-A829-5AA1B55036BC}.Debug|x64.Build.0 = Debug|x64
		{634A461A-3D40-4B0D-A829-5AA1B55036BC}.Release|Any CPU.ActiveCfg = Release|Any CPU
		{634A461A-3D40-4B0D-A829-5AA1B55036BC}.Release|Any CPU.Build.0 = Release|Any CPU
		{634A461A-3D40-4B0D-A829-5AA1B55036BC}.Release|x64.ActiveCfg = Release|x64
		{634A461A-3D40-4B0D-A829-5AA1B55036BC}.Release|x64.Build.0 = Release|x64
	EndGlobalSection
	GlobalSection(SolutionProperties) = preSolution
		HideSolutionNode = FALSE
	EndGlobalSection
	GlobalSection(NestedProjects) = preSolution
		{A32CBC27-DF84-40AE-81A7-06D08F6D7FCB} = {BDC39089-9CAB-42C5-B281-3321DB13D7D1}
		{7B680BBE-FEB9-444B-819A-0BD9D8A7B0E8} = {CBF8A56B-8A28-4804-AEB8-F7A650A63BAE}
		{C25B4DA6-F9C4-412D-852A-536A240476A8} = {BDC39089-9CAB-42C5-B281-3321DB13D7D1}
		{634A461A-3D40-4B0D-A829-5AA1B55036BC} = {BDC39089-9CAB-42C5-B281-3321DB13D7D1}
	EndGlobalSection
EndGlobal
